
Microsoft Visual Studio Solution File, Format Version 12.00
# Visual Studio 15
VisualStudioVersion = 15.0.28307.572
MinimumVisualStudioVersion = 10.0.40219.1
Project("{FAE04EC0-301F-11D3-BF4B-00C04F79EFBC}") = "WpfAppCollectItems", "WpfAppCollectItems\WpfAppCollectItems.csproj", "{A41E3DBC-3DF7-4912-87EC-93AFAC5411D5}"
EndProject
Global
	GlobalSection(SolutionConfigurationPlatforms) = preSolution
		Debug|Any CPU = Debug|Any CPU
		Release|Any CPU = Release|Any CPU
	EndGlobalSection
	GlobalSection(ProjectConfigurationPlatforms) = postSolution
		{A41E3DBC-3DF7-4912-87EC-93AFAC5411D5}.Debug|Any CPU.ActiveCfg = Debug|Any CPU
		{A41E3DBC-3DF7-4912-87EC-93AFAC5411D5}.Debug|Any CPU.Build.0 = Debug|Any CPU
		{A41E3DBC-3DF7-4912-87EC-93AFAC5411D5}.Release|Any CPU.ActiveCfg = Release|Any CPU
		{A41E3DBC-3DF7-4912-87EC-93AFAC5411D5}.Release|Any CPU.Build.0 = Release|Any CPU
	EndGlobalSection
	GlobalSection(SolutionProperties) = preSolution
		HideSolutionNode = FALSE
	EndGlobalSection
	GlobalSection(ExtensibilityGlobals) = postSolution
		SolutionGuid = {DEE9E648-373B-4E99-8959-70B24CBF8780}
	EndGlobalSection
EndGlobal
